lockfileVersion: '9.0'

settings:
  autoInstallPeers: true
  excludeLinksFromLockfile: false

importers:

  .:
    devDependencies:
      '@biomejs/biome':
        specifier: ^2.4.13
        version: 2.4.13
      turbo:
        specifier: ^2.9.7
        version: 2.9.7

packages:

  '@biomejs/biome@2.4.13':
    resolution: {integrity: sha512-gLXOwkOBBg0tr7bDsqlkIh4uFeKuMjxvqsrb1Tukww1iDmHcfr4Uu8MoQxp0Rcte+69+osRNWXwHsu/zxT6XqA==}
    engines: {node: '>=14.21.3'}
    hasBin: true

  '@biomejs/cli-darwin-arm64@2.4.13':
    resolution: {integrity: sha512-2KImO1jhNFBa2oWConyr0x6flxbQpGKv6902uGXpYM62Xyem8U80j441SyUJ8KyngsmKbQjeIv1q2CQfDkNnYg==}
    engines: {node: '>=14.21.3'}
    cpu: [arm64]
    os: [darwin]

  '@biomejs/cli-darwin-x64@2.4.13':
    resolution: {integrity: sha512-BKrJklbaFN4p1Ts4kPBczo+PkbsHQg57kmJ+vON9u2t6uN5okYHaSr7h/MutPCWQgg2lglaWoSmm+zhYW+oOkg==}
    engines: {node: '>=14.21.3'}
    cpu: [x64]
    os: [darwin]

  '@biomejs/cli-linux-arm64-musl@2.4.13':
    resolution: {integrity: sha512-U5MsuBQW25dXaYtqWWSPM3P96H6Y+fHuja3TQpMNnylocHW0tEbtFTDlUj6oM+YJLntvEkQy4grBvQNUD4+RCg==}
    engines: {node: '>=14.21.3'}
    cpu: [arm64]
    os: [linux]
    libc: [musl]

  '@biomejs/cli-linux-arm64@2.4.13':
    resolution: {integrity: sha512-NzkUDSqfvMBrPplKgVr3aXLHZ2NEELvvF4vZxXulEylKWIGqlvNEcwUcj9OLrn75TD3lJ/GIqCVlBwd1MZCuYQ==}
    engines: {node: '>=14.21.3'}
    cpu: [arm64]
    os: [linux]
    libc: [glibc]

  '@biomejs/cli-linux-x64-musl@2.4.13':
    resolution: {integrity: sha512-Z601MienRgTBDza/+u2CH3RSrWoXo9rtr8NK6A4KJzqGgfxx+H3VlyLgTJ4sRo40T3pIsqpTmiOQEvYzQvBRvQ==}
    engines: {node: '>=14.21.3'}
    cpu: [x64]
    os: [linux]
    libc: [musl]

  '@biomejs/cli-linux-x64@2.4.13':
    resolution: {integrity: sha512-Az3ZZedYRBo9EQzNnD9SxFcR1G5QsGo6VEc2hIyVPZ1rdKwee/7E9oeBBZFpE8Z44ekxsDQBqbiWGW5ShOhUSQ==}
    engines: {node: '>=14.21.3'}
    cpu: [x64]
    os: [linux]
    libc: [glibc]

  '@biomejs/cli-win32-arm64@2.4.13':
    resolution: {integrity: sha512-Px9PS2B5/Q183bUwy/5VHqp3J2lzdOCeVGzMpphYfl8oSa7VDCqenBdqWpy6DCy/en4Rbf/Y1RieZF6dJPcc9A==}
    engines: {node: '>=14.21.3'}
    cpu: [arm64]
    os: [win32]

  '@biomejs/cli-win32-x64@2.4.13':
    resolution: {integrity: sha512-tTcMkXyBrmHi9BfrD2VNHs/5rYIUKETqsBlYOvSAABwBkJhSDVb5e7wPukftsQbO3WzQkXe6kaztC6WtUOXSoQ==}
    engines: {node: '>=14.21.3'}
    cpu: [x64]
    os: [win32]

  '@turbo/darwin-64@2.9.7':
    resolution: {integrity: sha512-wnvOWuVWJ5EUHNKxExEWiGlTeVpLG1L0PCu5MUozyC1P2SHGiWsmpW6/yAuShH91Fa2TAHOvdCRBzriZh4j4Eg==}
    cpu: [x64]
    os: [darwin]

  '@turbo/darwin-arm64@2.9.7':
    resolution: {integrity: sha512-mA0FIPMwwN3lodDkQYaGxj6PeT7ZaN5aCEbkKn/WB+ZB9yJdVWA4J83GH7t43jqDc5dcnVluVN5UFx3plRiXhA==}
    cpu: [arm64]
    os: [darwin]

  '@turbo/linux-64@2.9.7':
    resolution: {integrity: sha512-fEbUYpgb5l7P+q+5tsWF2gw+/GSjUsuUTcnfm+f0lozUjgcjLKyOat6PgtAChmIFcTPchCL/8rJ3TvkBy01gfA==}
    cpu: [x64]
    os: [linux]

  '@turbo/linux-arm64@2.9.7':
    resolution: {integrity: sha512-VkUjulo9ytfHKUHOS5gy0XPoh4CTKPXWCL8nLdrlHVi9fSut31ECeUqnm/dAbETP5D4xo9mH9XkJ+qMzGe/zmg==}
    cpu: [arm64]
    os: [linux]

  '@turbo/windows-64@2.9.7':
    resolution: {integrity: sha512-/GWdY6/x4aIHqkYJq596Rpdk1x0MkpRPkJcLAoB3yGRwyUms0+u2F1GnV54IbyAZTeKLRWSJKzNC+QwVGdYchA==}
    cpu: [x64]
    os: [win32]

  '@turbo/windows-arm64@2.9.7':
    resolution: {integrity: sha512-xBBgxCC5PK2+WZ1PPRZdp+aJ0bMBcEbweXWux3RUHJvX9ZodcoQySkrW6qt+ahb+uk8ZjyQodLfDwtVSoYds1w==}
    cpu: [arm64]
    os: [win32]

  turbo@2.9.7:
    resolution: {integrity: sha512-epxzqVO2s0IxcSWcgb+qKrtco8isfe7g3VtiS6hkYnEK4A9XQDZbrtavQ6MtWR1KoQn+1fUomaQth2rfRHlUlg==}
    hasBin: true

snapshots:

  '@biomejs/biome@2.4.13':
    optionalDependencies:
      '@biomejs/cli-darwin-arm64': 2.4.13
      '@biomejs/cli-darwin-x64': 2.4.13
      '@biomejs/cli-linux-arm64': 2.4.13
      '@biomejs/cli-linux-arm64-musl': 2.4.13
      '@biomejs/cli-linux-x64': 2.4.13
      '@biomejs/cli-linux-x64-musl': 2.4.13
      '@biomejs/cli-win32-arm64': 2.4.13
      '@biomejs/cli-win32-x64': 2.4.13

  '@biomejs/cli-darwin-arm64@2.4.13':
    optional: true

  '@biomejs/cli-darwin-x64@2.4.13':
    optional: true

  '@biomejs/cli-linux-arm64-musl@2.4.13':
    optional: true

  '@biomejs/cli-linux-arm64@2.4.13':
    optional: true

  '@biomejs/cli-linux-x64-musl@2.4.13':
    optional: true

  '@biomejs/cli-linux-x64@2.4.13':
    optional: true

  '@biomejs/cli-win32-arm64@2.4.13':
    optional: true

  '@biomejs/cli-win32-x64@2.4.13':
    optional: true

  '@turbo/darwin-64@2.9.7':
    optional: true

  '@turbo/darwin-arm64@2.9.7':
    optional: true

  '@turbo/linux-64@2.9.7':
    optional: true

  '@turbo/linux-arm64@2.9.7':
    optional: true

  '@turbo/windows-64@2.9.7':
    optional: true

  '@turbo/windows-arm64@2.9.7':
    optional: true

  turbo@2.9.7:
    optionalDependencies:
      '@turbo/darwin-64': 2.9.7
      '@turbo/darwin-arm64': 2.9.7
      '@turbo/linux-64': 2.9.7
      '@turbo/linux-arm64': 2.9.7
      '@turbo/windows-64': 2.9.7
      '@turbo/windows-arm64': 2.9.7
